
Microsoft Visual Studio Solution File, Format Version 12.00
# Visual Studio 2012
Project("{FAE04EC0-301F-11D3-BF4B-00C04F79EFBC}") = "Nave B", "Nave B\Nave B.csproj", "{9DDFA958-F458-4F9E-B47A-2E4400F4DA37}"
EndProject
Global
	GlobalSection(SolutionConfigurationPlatforms) = preSolution
		Debug|Any CPU = Debug|Any CPU
		Release|Any CPU = Release|Any CPU
	EndGlobalSection
	GlobalSection(ProjectConfigurationPlatforms) = postSolution
		{9DDFA958-F458-4F9E-B47A-2E4400F4DA37}.Debug|Any CPU.ActiveCfg = Debug|Any CPU
		{9DDFA958-F458-4F9E-B47A-2E4400F4DA37}.Debug|Any CPU.Build.0 = Debug|Any CPU
		{9DDFA958-F458-4F9E-B47A-2E4400F4DA37}.Release|Any CPU.ActiveCfg = Release|Any CPU
		{9DDFA958-F458-4F9E-B47A-2E4400F4DA37}.Release|Any CPU.Build.0 = Release|Any CPU
	EndGlobalSection
	GlobalSection(SolutionProperties) = preSolution
		HideSolutionNode = FALSE
	EndGlobalSection
EndGlobal
